
Microsoft Visual Studio Solution File, Format Version 12.00
# Visual Studio 15
VisualStudioVersion = 15.0.26228.4
MinimumVisualStudioVersion = 10.0.40219.1
Project("{FAE04EC0-301F-11D3-BF4B-00C04F79EFBC}") = "Wesley.Crawler.StrongCrawler", "Wesley.Crawler.StrongCrawler\Wesley.Crawler.StrongCrawler.csproj", "{9EFEBBE1-79FE-4588-AFA1-24B20A14A6A4}"
EndProject
Project("{FAE04EC0-301F-11D3-BF4B-00C04F79EFBC}") = "AppStart", "AppStart\AppStart.csproj", "{23DC79AA-E9AD-46F7-A0E3-DBF063D96C34}"
EndProject
Project("{FAE04EC0-301F-11D3-BF4B-00C04F79EFBC}") = "PostEmail", "PostEmail\PostEmail.csproj", "{AAC4225F-300D-4CE2-ADED-DE828E47E449}"
EndProject
Global
	GlobalSection(SolutionConfigurationPlatforms) = preSolution
		Debug|Any CPU = Debug|Any CPU
		Release|Any CPU = Release|Any CPU
	EndGlobalSection
	GlobalSection(ProjectConfigurationPlatforms) = postSolution
		{9EFEBBE1-79FE-4588-AFA1-24B20A14A6A4}.Debug|Any CPU.ActiveCfg = Debug|Any CPU
		{9EFEBBE1-79FE-4588-AFA1-24B20A14A6A4}.Debug|Any CPU.Build.0 = Debug|Any CPU
		{9EFEBBE1-79FE-4588-AFA1-24B20A14A6A4}.Release|Any CPU.ActiveCfg = Release|Any CPU
		{9EFEBBE1-79FE-4588-AFA1-24B20A14A6A4}.Release|Any CPU.Build.0 = Release|Any CPU
		{23DC79AA-E9AD-46F7-A0E3-DBF063D96C34}.Debug|Any CPU.ActiveCfg = Debug|Any CPU
		{23DC79AA-E9AD-46F7-A0E3-DBF063D96C34}.Debug|Any CPU.Build.0 = Debug|Any CPU
		{23DC79AA-E9AD-46F7-A0E3-DBF063D96C34}.Release|Any CPU.ActiveCfg = Release|Any CPU
		{23DC79AA-E9AD-46F7-A0E3-DBF063D96C34}.Release|Any CPU.Build.0 = Release|Any CPU
		{AAC4225F-300D-4CE2-ADED-DE828E47E449}.Debug|Any CPU.ActiveCfg = Debug|Any CPU
		{AAC4225F-300D-4CE2-ADED-DE828E47E449}.Debug|Any CPU.Build.0 = Debug|Any CPU
		{AAC4225F-300D-4CE2-ADED-DE828E47E449}.Release|Any CPU.ActiveCfg = Release|Any CPU
		{AAC4225F-300D-4CE2-ADED-DE828E47E449}.Release|Any CPU.Build.0 = Release|Any CPU
	EndGlobalSection
	GlobalSection(SolutionProperties) = preSolution
		HideSolutionNode = FALSE
	EndGlobalSection
	GlobalSection(ExtensibilityGlobals) = postSolution
		SolutionGuid = {4B9FE508-26CB-4DA1-94FE-CA67DD9047DB}
	EndGlobalSection
EndGlobal
